github.com/rakyll/portmidi v0.0.0-20170620004031-e434d7284291 h1:hl7rQwLldjB+FCyUuxSFCAx986GONIoRQwsMesdOknE=
github.com/rakyll/portmidi v0.0.0-20170620004031-e434d7284291/go.mod h1:tO1ylmFo6+hnYFvj/fd92q30wkNQwgWC/8mcHq0KkQU=
gitlab.com/gomidi/midi v1.16.4/go.mod h1:3ohtNOhqoSakkuLG/Li1OI6I3J1c2LErnJF5o/VBq1c=
gitlab.com/gomidi/midi v1.17.2 h1:+XGfP4u+XhWG4yThCGKvXZSVigZTbC8+ibPbIKC9dH8=
gitlab.com/gomidi/midi v1.17.2/go.mod h1:3ohtNOhqoSakkuLG/Li1OI6I3J1c2LErnJF5o/VBq1c=
gitlab.com/gomidi/portmididrv v0.6.0 h1:uT+rl1Y+KCt3qVr4hEn3Z++qRevAN/ppDPyWA0JK/J0=
gitlab.com/gomidi/portmididrv v0.6.0/go.mod h1:3+8aNWgHp7rq6rBEegdAXCbky/1qQ4Puloz99wjzVNw=
